
Microsoft Visual Studio Solution File, Format Version 12.00
# Visual Studio 15
VisualStudioVersion = 15.0.28010.2003
MinimumVisualStudioVersion = 10.0.40219.1
Project("{9A19103F-16F7-4668-BE54-9A1E7A4F7556}") = "SimpleWebShop", "SimpleWebShop\SimpleWebShop.csproj", "{016AC7E5-D941-41A9-9DEF-FFDBFBEE1BEE}"
EndProject
Project("{9A19103F-16F7-4668-BE54-9A1E7A4F7556}") = "SimpleWebShop.Infrastruture", "SimpleWebShop.Infrastruture\SimpleWebShop.Infrastruture.csproj", "{29876080-5BBD-44F9-97EC-5811C6DDC330}"
EndProject
Project("{9A19103F-16F7-4668-BE54-9A1E7A4F7556}") = "SimpleWebShop.Domain", "SimpleWebShop.Domain\SimpleWebShop.Domain.csproj", "{BAF61FA5-8B4A-4423-83AE-95DD292E32C7}"
EndProject
Project("{9A19103F-16F7-4668-BE54-9A1E7A4F7556}") = "SimpleWebShop.UnitTest", "SimpleWebShop.UnitTest\SimpleWebShop.UnitTest.csproj", "{1D482D91-58C4-43B2-A705-00FD29EB06E4}"
EndProject
Project("{FAE04EC0-301F-11D3-BF4B-00C04F79EFBC}") = "SimpleWebShop.Application", "SimpleWebShop.Application\SimpleWebShop.Application.csproj", "{6251CAFA-FEBD-4850-B70B-BDDB77270FC3}"
EndProject
Global
	GlobalSection(SolutionConfigurationPlatforms) = preSolution
		Debug|Any CPU = Debug|Any CPU
		Release|Any CPU = Release|Any CPU
	EndGlobalSection
	GlobalSection(ProjectConfigurationPlatforms) = postSolution
		{016AC7E5-D941-41A9-9DEF-FFDBFBEE1BEE}.Debug|Any CPU.ActiveCfg = Debug|Any CPU
		{016AC7E5-D941-41A9-9DEF-FFDBFBEE1BEE}.Debug|Any CPU.Build.0 = Debug|Any CPU
		{016AC7E5-D941-41A9-9DEF-FFDBFBEE1BEE}.Release|Any CPU.ActiveCfg = Release|Any CPU
		{016AC7E5-D941-41A9-9DEF-FFDBFBEE1BEE}.Release|Any CPU.Build.0 = Release|Any CPU
		{29876080-5BBD-44F9-97EC-5811C6DDC330}.Debug|Any CPU.ActiveCfg = Debug|Any CPU
		{29876080-5BBD-44F9-97EC-5811C6DDC330}.Debug|Any CPU.Build.0 = Debug|Any CPU
		{29876080-5BBD-44F9-97EC-5811C6DDC330}.Release|Any CPU.ActiveCfg = Release|Any CPU
		{29876080-5BBD-44F9-97EC-5811C6DDC330}.Release|Any CPU.Build.0 = Release|Any CPU
		{BAF61FA5-8B4A-4423-83AE-95DD292E32C7}.Debug|Any CPU.ActiveCfg = Debug|Any CPU
		{BAF61FA5-8B4A-4423-83AE-95DD292E32C7}.Debug|Any CPU.Build.0 = Debug|Any CPU
		{BAF61FA5-8B4A-4423-83AE-95DD292E32C7}.Release|Any CPU.ActiveCfg = Release|Any CPU
		{BAF61FA5-8B4A-4423-83AE-95DD292E32C7}.Release|Any CPU.Build.0 = Release|Any CPU
		{1D482D91-58C4-43B2-A705-00FD29EB06E4}.Debug|Any CPU.ActiveCfg = Debug|Any CPU
		{1D482D91-58C4-43B2-A705-00FD29EB06E4}.Debug|Any CPU.Build.0 = Debug|Any CPU
		{1D482D91-58C4-43B2-A705-00FD29EB06E4}.Release|Any CPU.ActiveCfg = Release|Any CPU
		{1D482D91-58C4-43B2-A705-00FD29EB06E4}.Release|Any CPU.Build.0 = Release|Any CPU
		{6251CAFA-FEBD-4850-B70B-BDDB77270FC3}.Debug|Any CPU.ActiveCfg = Debug|Any CPU
		{6251CAFA-FEBD-4850-B70B-BDDB77270FC3}.Debug|Any CPU.Build.0 = Debug|Any CPU
		{6251CAFA-FEBD-4850-B70B-BDDB77270FC3}.Release|Any CPU.ActiveCfg = Release|Any CPU
		{6251CAFA-FEBD-4850-B70B-BDDB77270FC3}.Release|Any CPU.Build.0 = Release|Any CPU
	EndGlobalSection
	GlobalSection(SolutionProperties) = preSolution
		HideSolutionNode = FALSE
	EndGlobalSection
	GlobalSection(ExtensibilityGlobals) = postSolution
		SolutionGuid = {2AA764B9-3349-4A32-806A-E02E2AB562BC}
	EndGlobalSection
EndGlobal
